// !$*UTF8*$!
{
	archiveVersion = 1;
	classes = {
	};
	objectVersion = 50;
	objects = {

/* Begin PBXBuildFile section */
		FE381603214E634600262B8E /* UIImageHandler.swift in Sources */ = {isa = PBXBuildFile; fileRef = FE381602214E634600262B8E /* UIImageHandler.swift */; };
		FE3E008D21139051002B6505 /* AppDelegate.swift in Sources */ = {isa = PBXBuildFile; fileRef = FE3E008C21139051002B6505 /* AppDelegate.swift */; };
		FE3E009221139051002B6505 /* Main.storyboard in Resources */ = {isa = PBXBuildFile; fileRef = FE3E009021139051002B6505 /* Main.storyboard */; };
		FE3E009521139051002B6505 /* Migration.xcdatamodeld in Sources */ = {isa = PBXBuildFile; fileRef = FE3E009321139051002B6505 /* Migration.xcdatamodeld */; };
		FE3E009721139052002B6505 /* Assets.xcassets in Resources */ = {isa = PBXBuildFile; fileRef = FE3E009621139052002B6505 /* Assets.xcassets */; };
		FE3E009A21139052002B6505 /* LaunchScreen.storyboard in Resources */ = {isa = PBXBuildFile; fileRef = FE3E009821139052002B6505 /* LaunchScreen.storyboard */; };
		FE3E00A721139100002B6505 /* Person.swift in Sources */ = {isa = PBXBuildFile; fileRef = FE3E00A621139100002B6505 /* Person.swift */; };
		FE3E00A921139156002B6505 /* DataAccessor.swift in Sources */ = {isa = PBXBuildFile; fileRef = FE3E00A821139156002B6505 /* DataAccessor.swift */; };
		FE3E00AC21139450002B6505 /* MappingModel.xcmappingmodel in Sources */ = {isa = PBXBuildFile; fileRef = FE3E00AB21139450002B6505 /* MappingModel.xcmappingmodel */; };
		FE3E00AE2113945D002B6505 /* MigrationPolicy.swift in Sources */ = {isa = PBXBuildFile; fileRef = FE3E00AD2113945D002B6505 /* MigrationPolicy.swift */; };
		FE3E00B0211EACAA002B6505 /* UrlParser.swift in Sources */ = {isa = PBXBuildFile; fileRef = FE3E00AF211EACAA002B6505 /* UrlParser.swift */; };
		FE84E10C214D0FA800F26288 /* LoaderViewController.swift in Sources */ = {isa = PBXBuildFile; fileRef = FE84E10B214D0FA800F26288 /* LoaderViewController.swift */; };
		FEEACFB42143B0BD003738DD /* TabBarViewController.swift in Sources */ = {isa = PBXBuildFile; fileRef = FEEACFB32143B0BD003738DD /* TabBarViewController.swift */; };
		FEEACFB62143B0E2003738DD /* TabBarItem.swift in Sources */ = {isa = PBXBuildFile; fileRef = FEEACFB52143B0E2003738DD /* TabBarItem.swift */; };
		FEEACFB82143B30C003738DD /* AppColors.swift in Sources */ = {isa = PBXBuildFile; fileRef = FEEACFB72143B30C003738DD /* AppColors.swift */; };
		FEEACFBA2143B44D003738DD /* TabBar.swift in Sources */ = {isa = PBXBuildFile; fileRef = FEEACFB92143B44D003738DD /* TabBar.swift */; };
/* End PBXBuildFile section */

/* Begin PBXFileReference section */
		FE381602214E634600262B8E /* UIImageHandler.swift */ = {isa = PBXFileReference; lastKnownFileType = sourcecode.swift; path = UIImageHandler.swift; sourceTree = "<group>"; };
		FE3E008921139051002B6505 /* Migration.app */ = {isa = PBXFileReference; explicitFileType = wrapper.application; includeInIndex = 0; path = Migration.app; sourceTree = BUILT_PRODUCTS_DIR; };
		FE3E008C21139051002B6505 /* AppDelegate.swift */ = {isa = PBXFileReference; lastKnownFileType = sourcecode.swift; path = AppDelegate.swift; sourceTree = "<group>"; };
		FE3E009121139051002B6505 /* Base */ = {isa = PBXFileReference; lastKnownFileType = file.storyboard; name = Base; path = Base.lproj/Main.storyboard; sourceTree = "<group>"; };
		FE3E009421139051002B6505 /* Migration.xcdatamodel */ = {isa = PBXFileReference; lastKnownFileType = wrapper.xcdatamodel; path = Migration.xcdatamodel; sourceTree = "<group>"; };
		FE3E009621139052002B6505 /* Assets.xcassets */ = {isa = PBXFileReference; lastKnownFileType = folder.assetcatalog; path = Assets.xcassets; sourceTree = "<group>"; };
		FE3E009921139052002B6505 /* Base */ = {isa = PBXFileReference; lastKnownFileType = file.storyboard; name = Base; path = Base.lproj/LaunchScreen.storyboard; sourceTree = "<group>"; };
		FE3E009B21139052002B6505 /* Info.plist */ = {isa = PBXFileReference; lastKnownFileType = text.plist.xml; path = Info.plist; sourceTree = "<group>"; };
		FE3E00A621139100002B6505 /* Person.swift */ = {isa = PBXFileReference; lastKnownFileType = sourcecode.swift; path = Person.swift; sourceTree = "<group>"; };
		FE3E00A821139156002B6505 /* DataAccessor.swift */ = {isa = PBXFileReference; lastKnownFileType = sourcecode.swift; path = DataAccessor.swift; sourceTree = "<group>"; };
		FE3E00AA21139418002B6505 /* Migration1.xcdatamodel */ = {isa = PBXFileReference; lastKnownFileType = wrapper.xcdatamodel; path = Migration1.xcdatamodel; sourceTree = "<group>"; };
		FE3E00AB21139450002B6505 /* MappingModel.xcmappingmodel */ = {isa = PBXFileReference; lastKnownFileType = wrapper.xcmappingmodel; path = MappingModel.xcmappingmodel; sourceTree = "<group>"; };
		FE3E00AD2113945D002B6505 /* MigrationPolicy.swift */ = {isa = PBXFileReference; lastKnownFileType = sourcecode.swift; path = MigrationPolicy.swift; sourceTree = "<group>"; };
		FE3E00AF211EACAA002B6505 /* UrlParser.swift */ = {isa = PBXFileReference; lastKnownFileType = sourcecode.swift; path = UrlParser.swift; sourceTree = "<group>"; };
		FE84E10B214D0FA800F26288 /* LoaderViewController.swift */ = {isa = PBXFileReference; lastKnownFileType = sourcecode.swift; path = LoaderViewController.swift; sourceTree = "<group>"; };
		FEEACFB32143B0BD003738DD /* TabBarViewController.swift */ = {isa = PBXFileReference; lastKnownFileType = sourcecode.swift; path = TabBarViewController.swift; sourceTree = "<group>"; };
		FEEACFB52143B0E2003738DD /* TabBarItem.swift */ = {isa = PBXFileReference; lastKnownFileType = sourcecode.swift; path = TabBarItem.swift; sourceTree = "<group>"; };
		FEEACFB72143B30C003738DD /* AppColors.swift */ = {isa = PBXFileReference; lastKnownFileType = sourcecode.swift; path = AppColors.swift; sourceTree = "<group>"; };
		FEEACFB92143B44D003738DD /* TabBar.swift */ = {isa = PBXFileReference; lastKnownFileType = sourcecode.swift; path = TabBar.swift; sourceTree = "<group>"; };
/* End PBXFileReference section */

/* Begin PBXFrameworksBuildPhase section */
		FE3E008621139051002B6505 /* Frameworks */ = {
			isa = PBXFrameworksBuildPhase;
			buildActionMask = 2147483647;
			files = (
			);
			runOnlyForDeploymentPostprocessing = 0;
		};
/* End PBXFrameworksBuildPhase section */

/* Begin PBXGroup section */
		FE3E008021139051002B6505 = {
			isa = PBXGroup;
			children = (
				FE3E008B21139051002B6505 /* Migration */,
				FE3E008A21139051002B6505 /* Products */,
			);
			sourceTree = "<group>";
		};
		FE3E008A21139051002B6505 /* Products */ = {
			isa = PBXGroup;
			children = (
				FE3E008921139051002B6505 /* Migration.app */,
			);
			name = Products;
			sourceTree = "<group>";
		};
		FE3E008B21139051002B6505 /* Migration */ = {
			isa = PBXGroup;
			children = (
				FE3E00AF211EACAA002B6505 /* UrlParser.swift */,
				FE3E008C21139051002B6505 /* AppDelegate.swift */,
				FE3E00A5211390C7002B6505 /* Core Data */,
				FEEACFB22143B076003738DD /* View Controllers */,
				FE3E009021139051002B6505 /* Main.storyboard */,
				FE3E009621139052002B6505 /* Assets.xcassets */,
				FE3E009821139052002B6505 /* LaunchScreen.storyboard */,
				FE3E009B21139052002B6505 /* Info.plist */,
				FEEACFB72143B30C003738DD /* AppColors.swift */,
				FE381602214E634600262B8E /* UIImageHandler.swift */,
			);
			path = Migration;
			sourceTree = "<group>";
		};
		FE3E00A5211390C7002B6505 /* Core Data */ = {
			isa = PBXGroup;
			children = (
				FE3E00A621139100002B6505 /* Person.swift */,
				FE3E00A821139156002B6505 /* DataAccessor.swift */,
				FE3E009321139051002B6505 /* Migration.xcdatamodeld */,
				FE3E00AB21139450002B6505 /* MappingModel.xcmappingmodel */,
				FE3E00AD2113945D002B6505 /* MigrationPolicy.swift */,
			);
			path = "Core Data";
			sourceTree = "<group>";
		};
		FE84E10A214D0F8600F26288 /* Controllers */ = {
			isa = PBXGroup;
			children = (
				FE84E10B214D0FA800F26288 /* LoaderViewController.swift */,
			);
			path = Controllers;
			sourceTree = "<group>";
		};
		FEEACFB22143B076003738DD /* View Controllers */ = {
			isa = PBXGroup;
			children = (
				FE84E10A214D0F8600F26288 /* Controllers */,
				FEEACFB32143B0BD003738DD /* TabBarViewController.swift */,
				FEEACFB52143B0E2003738DD /* TabBarItem.swift */,
				FEEACFB92143B44D003738DD /* TabBar.swift */,
			);
			path = "View Controllers";
			sourceTree = "<group>";
		};
/* End PBXGroup section */

/* Begin PBXNativeTarget section */
		FE3E008821139051002B6505 /* Migration */ = {
			isa = PBXNativeTarget;
			buildConfigurationList = FE3E009E21139053002B6505 /* Build configuration list for PBXNativeTarget "Migration" */;
			buildPhases = (
				FE3E008521139051002B6505 /* Sources */,
				FE3E008621139051002B6505 /* Frameworks */,
				FE3E008721139051002B6505 /* Resources */,
			);
			buildRules = (
			);
			dependencies = (
			);
			name = Migration;
			productName = Migration;
			productReference = FE3E008921139051002B6505 /* Migration.app */;
			productType = "com.apple.product-type.application";
		};
/* End PBXNativeTarget section */

/* Begin PBXProject section */
		FE3E008121139051002B6505 /* Project object */ = {
			isa = PBXProject;
			attributes = {
				LastSwiftUpdateCheck = 0940;
				LastUpgradeCheck = 0940;
				ORGANIZATIONNAME = "Faraz Habib";
				TargetAttributes = {
					FE3E008821139051002B6505 = {
						CreatedOnToolsVersion = 9.4.1;
					};
				};
			};
			buildConfigurationList = FE3E008421139051002B6505 /* Build configuration list for PBXProject "Migration" */;
			compatibilityVersion = "Xcode 9.3";
			developmentRegion = en;
			hasScannedForEncodings = 0;
			knownRegions = (
				en,
				Base,
			);
			mainGroup = FE3E008021139051002B6505;
			productRefGroup = FE3E008A21139051002B6505 /* Products */;
			projectDirPath = "";
			projectRoot = "";
			targets = (
				FE3E008821139051002B6505 /* Migration */,
			);
		};
/* End PBXProject section */

/* Begin PBXResourcesBuildPhase section */
		FE3E008721139051002B6505 /* Resources */ = {
			isa = PBXResourcesBuildPhase;
			buildActionMask = 2147483647;
			files = (
				FE3E009A21139052002B6505 /* LaunchScreen.storyboard in Resources */,
				FE3E009721139052002B6505 /* Assets.xcassets in Resources */,
				FE3E009221139051002B6505 /* Main.storyboard in Resources */,
			);
			runOnlyForDeploymentPostprocessing = 0;
		};
/* End PBXResourcesBuildPhase section */

/* Begin PBXSourcesBuildPhase section */
		FE3E008521139051002B6505 /* Sources */ = {
			isa = PBXSourcesBuildPhase;
			buildActionMask = 2147483647;
			files = (
				FEEACFB42143B0BD003738DD /* TabBarViewController.swift in Sources */,
				FE3E00A721139100002B6505 /* Person.swift in Sources */,
				FE3E00B0211EACAA002B6505 /* UrlParser.swift in Sources */,
				FEEACFB82143B30C003738DD /* AppColors.swift in Sources */,
				FEEACFB62143B0E2003738DD /* TabBarItem.swift in Sources */,
				FE381603214E634600262B8E /* UIImageHandler.swift in Sources */,
				FE3E009521139051002B6505 /* Migration.xcdatamodeld in Sources */,
				FE3E00AE2113945D002B6505 /* MigrationPolicy.swift in Sources */,
				FE84E10C214D0FA800F26288 /* LoaderViewController.swift in Sources */,
				FE3E008D21139051002B6505 /* AppDelegate.swift in Sources */,
				FEEACFBA2143B44D003738DD /* TabBar.swift in Sources */,
				FE3E00AC21139450002B6505 /* MappingModel.xcmappingmodel in Sources */,
				FE3E00A921139156002B6505 /* DataAccessor.swift in Sources */,
			);
			runOnlyForDeploymentPostprocessing = 0;
		};
/* End PBXSourcesBuildPhase section */

/* Begin PBXVariantGroup section */
		FE3E009021139051002B6505 /* Main.storyboard */ = {
			isa = PBXVariantGroup;
			children = (
				FE3E009121139051002B6505 /* Base */,
			);
			name = Main.storyboard;
			sourceTree = "<group>";
		};
		FE3E009821139052002B6505 /* LaunchScreen.storyboard */ = {
			isa = PBXVariantGroup;
			children = (
				FE3E009921139052002B6505 /* Base */,
			);
			name = LaunchScreen.storyboard;
			sourceTree = "<group>";
		};
/* End PBXVariantGroup section */

/* Begin XCBuildConfiguration section */
		FE3E009C21139053002B6505 /* Debug */ = {
			isa = XCBuildConfiguration;
			buildSettings = {
				ALWAYS_SEARCH_USER_PATHS = NO;
				CLANG_ANALYZER_NONNULL = YES;
				CLANG_ANALYZER_NUMBER_OBJECT_CONVERSION = YES_AGGRESSIVE;
				CLANG_CXX_LANGUAGE_STANDARD = "gnu++14";
				CLANG_CXX_LIBRARY = "libc++";
				CLANG_ENABLE_MODULES = YES;
				CLANG_ENABLE_OBJC_ARC = YES;
				CLANG_ENABLE_OBJC_WEAK = YES;
				CLANG_WARN_BLOCK_CAPTURE_AUTORELEASING = YES;
				CLANG_WARN_BOOL_CONVERSION = YES;
				CLANG_WARN_COMMA = YES;
				CLANG_WARN_CONSTANT_CONVERSION = YES;
				CLANG_WARN_DEPRECATED_OBJC_IMPLEMENTATIONS = YES;
				CLANG_WARN_DIRECT_OBJC_ISA_USAGE = YES_ERROR;
				CLANG_WARN_DOCUMENTATION_COMMENTS = YES;
				CLANG_WARN_EMPTY_BODY = YES;
				CLANG_WARN_ENUM_CONVERSION = YES;
				CLANG_WARN_INFINITE_RECURSION = YES;
				CLANG_WARN_INT_CONVERSION = YES;
				CLANG_WARN_NON_LITERAL_NULL_CONVERSION = YES;
				CLANG_WARN_OBJC_IMPLICIT_RETAIN_SELF = YES;
				CLANG_WARN_OBJC_LITERAL_CONVERSION = YES;
				CLANG_WARN_OBJC_ROOT_CLASS = YES_ERROR;
				CLANG_WARN_RANGE_LOOP_ANALYSIS = YES;
				CLANG_WARN_STRICT_PROTOTYPES = YES;
				CLANG_WARN_SUSPICIOUS_MOVE = YES;
				CLANG_WARN_UNGUARDED_AVAILABILITY = YES_AGGRESSIVE;
				CLANG_WARN_UNREACHABLE_CODE = YES;
				CLANG_WARN__DUPLICATE_METHOD_MATCH = YES;
				CODE_SIGN_IDENTITY = "iPhone Developer";
				COPY_PHASE_STRIP = NO;
				DEBUG_INFORMATION_FORMAT = dwarf;
				ENABLE_STRICT_OBJC_MSGSEND = YES;
				ENABLE_TESTABILITY = YES;
				GCC_C_LANGUAGE_STANDARD = gnu11;
				GCC_DYNAMIC_NO_PIC = NO;
				GCC_NO_COMMON_BLOCKS = YES;
				GCC_OPTIMIZATION_LEVEL = 0;
				GCC_PREPROCESSOR_DEFINITIONS = (
					"DEBUG=1",
					"$(inherited)",
				);
				GCC_WARN_64_TO_32_BIT_CONVERSION = YES;
				GCC_WARN_ABOUT_RETURN_TYPE = YES_ERROR;
				GCC_WARN_UNDECLARED_SELECTOR = YES;
				GCC_WARN_UNINITIALIZED_AUTOS = YES_AGGRESSIVE;
				GCC_WARN_UNUSED_FUNCTION = YES;
				GCC_WARN_UNUSED_VARIABLE = YES;
				IPHONEOS_DEPLOYMENT_TARGET = 11.4;
				MTL_ENABLE_DEBUG_INFO = YES;
				ONLY_ACTIVE_ARCH = YES;
				SDKROOT = iphoneos;
				SWIFT_ACTIVE_COMPILATION_CONDITIONS = DEBUG;
				SWIFT_OPTIMIZATION_LEVEL = "-Onone";
			};
			name = Debug;
		};
		FE3E009D21139053002B6505 /* Release */ = {
			isa = XCBuildConfiguration;
			buildSettings = {
				ALWAYS_SEARCH_USER_PATHS = NO;
				CLANG_ANALYZER_NONNULL = YES;
				CLANG_ANALYZER_NUMBER_OBJECT_CONVERSION = YES_AGGRESSIVE;
				CLANG_CXX_LANGUAGE_STANDARD = "gnu++14";
				CLANG_CXX_LIBRARY = "libc++";
				CLANG_ENABLE_MODULES = YES;
				CLANG_ENABLE_OBJC_ARC = YES;
				CLANG_ENABLE_OBJC_WEAK = YES;
				CLANG_WARN_BLOCK_CAPTURE_AUTORELEASING = YES;
				CLANG_WARN_BOOL_CONVERSION = YES;
				CLANG_WARN_COMMA = YES;
				CLANG_WARN_CONSTANT_CONVERSION = YES;
				CLANG_WARN_DEPRECATED_OBJC_IMPLEMENTATIONS = YES;
				CLANG_WARN_DIRECT_OBJC_ISA_USAGE = YES_ERROR;
				CLANG_WARN_DOCUMENTATION_COMMENTS = YES;
				CLANG_WARN_EMPTY_BODY = YES;
				CLANG_WARN_ENUM_CONVERSION = YES;
				CLANG_WARN_INFINITE_RECURSION = YES;
				CLANG_WARN_INT_CONVERSION = YES;
				CLANG_WARN_NON_LITERAL_NULL_CONVERSION = YES;
				CLANG_WARN_OBJC_IMPLICIT_RETAIN_SELF = YES;
				CLANG_WARN_OBJC_LITERAL_CONVERSION = YES;
				CLANG_WARN_OBJC_ROOT_CLASS = YES_ERROR;
				CLANG_WARN_RANGE_LOOP_ANALYSIS = YES;
				CLANG_WARN_STRICT_PROTOTYPES = YES;
				CLANG_WARN_SUSPICIOUS_MOVE = YES;
				CLANG_WARN_UNGUARDED_AVAILABILITY = YES_AGGRESSIVE;
				CLANG_WARN_UNREACHABLE_CODE = YES;
				CLANG_WARN__DUPLICATE_METHOD_MATCH = YES;
				CODE_SIGN_IDENTITY = "iPhone Developer";
				COPY_PHASE_STRIP = NO;
				DEBUG_INFORMATION_FORMAT = "dwarf-with-dsym";
				ENABLE_NS_ASSERTIONS = NO;
				ENABLE_STRICT_OBJC_MSGSEND = YES;
				GCC_C_LANGUAGE_STANDARD = gnu11;
				GCC_NO_COMMON_BLOCKS = YES;
				GCC_WARN_64_TO_32_BIT_CONVERSION = YES;
				GCC_WARN_ABOUT_RETURN_TYPE = YES_ERROR;
				GCC_WARN_UNDECLARED_SELECTOR = YES;
				GCC_WARN_UNINITIALIZED_AUTOS = YES_AGGRESSIVE;
				GCC_WARN_UNUSED_FUNCTION = YES;
				GCC_WARN_UNUSED_VARIABLE = YES;
				IPHONEOS_DEPLOYMENT_TARGET = 11.4;
				MTL_ENABLE_DEBUG_INFO = NO;
				SDKROOT = iphoneos;
				SWIFT_COMPILATION_MODE = wholemodule;
				SWIFT_OPTIMIZATION_LEVEL = "-O";
				VALIDATE_PRODUCT = YES;
			};
			name = Release;
		};
		FE3E009F21139053002B6505 /* Debug */ = {
			isa = XCBuildConfiguration;
			buildSettings = {
				ASSETCATALOG_COMPILER_APPICON_NAME = AppIcon;
				CODE_SIGN_STYLE = Automatic;
				DEVELOPMENT_TEAM = 6SLEBG5JCF;
				INFOPLIST_FILE = Migration/Info.plist;
				LD_RUNPATH_SEARCH_PATHS = (
					"$(inherited)",
					"@executable_path/Frameworks",
				);
				PRODUCT_BUNDLE_IDENTIFIER = come.teazer.Migration;
				PRODUCT_NAME = "$(TARGET_NAME)";
				SWIFT_VERSION = 4.0;
				TARGETED_DEVICE_FAMILY = "1,2";
			};
			name = Debug;
		};
		FE3E00A021139053002B6505 /* Release */ = {
			isa = XCBuildConfiguration;
			buildSettings = {
				ASSETCATALOG_COMPILER_APPICON_NAME = AppIcon;
				CODE_SIGN_STYLE = Automatic;
				DEVELOPMENT_TEAM = 6SLEBG5JCF;
				INFOPLIST_FILE = Migration/Info.plist;
				LD_RUNPATH_SEARCH_PATHS = (
					"$(inherited)",
					"@executable_path/Frameworks",
				);
				PRODUCT_BUNDLE_IDENTIFIER = come.teazer.Migration;
				PRODUCT_NAME = "$(TARGET_NAME)";
				SWIFT_VERSION = 4.0;
				TARGETED_DEVICE_FAMILY = "1,2";
			};
			name = Release;
		};
/* End XCBuildConfiguration section */

/* Begin XCConfigurationList section */
		FE3E008421139051002B6505 /* Build configuration list for PBXProject "Migration" */ = {
			isa = XCConfigurationList;
			buildConfigurations = (
				FE3E009C21139053002B6505 /* Debug */,
				FE3E009D21139053002B6505 /* Release */,
			);
			defaultConfigurationIsVisible = 0;
			defaultConfigurationName = Release;
		};
		FE3E009E21139053002B6505 /* Build configuration list for PBXNativeTarget "Migration" */ = {
			isa = XCConfigurationList;
			buildConfigurations = (
				FE3E009F21139053002B6505 /* Debug */,
				FE3E00A021139053002B6505 /* Release */,
			);
			defaultConfigurationIsVisible = 0;
			defaultConfigurationName = Release;
		};
/* End XCConfigurationList section */

/* Begin XCVersionGroup section */
		FE3E009321139051002B6505 /* Migration.xcdatamodeld */ = {
			isa = XCVersionGroup;
			children = (
				FE3E00AA21139418002B6505 /* Migration1.xcdatamodel */,
				FE3E009421139051002B6505 /* Migration.xcdatamodel */,
			);
			currentVersion = FE3E00AA21139418002B6505 /* Migration1.xcdatamodel */;
			path = Migration.xcdatamodeld;
			sourceTree = "<group>";
			versionGroupType = wrapper.xcdatamodel;
		};
/* End XCVersionGroup section */
	};
	rootObject = FE3E008121139051002B6505 /* Project object */;
}
